
Microsoft Visual Studio Solution File, Format Version 12.00
# Visual Studio Version 16
VisualStudioVersion = 16.0.31019.35
MinimumVisualStudioVersion = 10.0.40219.1
Project("{FAE04EC0-301F-11D3-BF4B-00C04F79EFBC}") = "Praktinis Darbas 4", "IS_Pd4\Praktinis Darbas 4.csproj", "{3E9EF3E1-1D6E-4B5E-B94B-869DD704E1EB}"
EndProject
Global
	GlobalSection(SolutionConfigurationPlatforms) = preSolution
		Debug|Any CPU = Debug|Any CPU
		Release|Any CPU = Release|Any CPU
	EndGlobalSection
	GlobalSection(ProjectConfigurationPlatforms) = postSolution
		{3E9EF3E1-1D6E-4B5E-B94B-869DD704E1EB}.Debug|Any CPU.ActiveCfg = Debug|Any CPU
		{3E9EF3E1-1D6E-4B5E-B94B-869DD704E1EB}.Debug|Any CPU.Build.0 = Debug|Any CPU
		{3E9EF3E1-1D6E-4B5E-B94B-869DD704E1EB}.Release|Any CPU.ActiveCfg = Release|Any CPU
		{3E9EF3E1-1D6E-4B5E-B94B-869DD704E1EB}.Release|Any CPU.Build.0 = Release|Any CPU
	EndGlobalSection
	GlobalSection(SolutionProperties) = preSolution
		HideSolutionNode = FALSE
	EndGlobalSection
	GlobalSection(ExtensibilityGlobals) = postSolution
		SolutionGuid = {77B34427-0842-4BC5-81AF-805C93A841A2}
	EndGlobalSection
EndGlobal
